
Microsoft Visual Studio Solution File, Format Version 12.00
# Visual Studio Version 17
VisualStudioVersion = 17.9.34728.123
MinimumVisualStudioVersion = 10.0.40219.1
Project("{9A19103F-16F7-4668-BE54-9A1E7A4F7556}") = "IBAS-kantine", "IBAS-kantine.csproj", "{C3EB9DC4-B57E-4EF2-B3B2-65A348A16B8F}"
EndProject
Global
	GlobalSection(SolutionConfigurationPlatforms) = preSolution
		Debug|Any CPU = Debug|Any CPU
		Release|Any CPU = Release|Any CPU
	EndGlobalSection
	GlobalSection(ProjectConfigurationPlatforms) = postSolution
		{C3EB9DC4-B57E-4EF2-B3B2-65A348A16B8F}.Debug|Any CPU.ActiveCfg = Debug|Any CPU
		{C3EB9DC4-B57E-4EF2-B3B2-65A348A16B8F}.Debug|Any CPU.Build.0 = Debug|Any CPU
		{C3EB9DC4-B57E-4EF2-B3B2-65A348A16B8F}.Release|Any CPU.ActiveCfg = Release|Any CPU
		{C3EB9DC4-B57E-4EF2-B3B2-65A348A16B8F}.Release|Any CPU.Build.0 = Release|Any CPU
	EndGlobalSection
	GlobalSection(SolutionProperties) = preSolution
		HideSolutionNode = FALSE
	EndGlobalSection
	GlobalSection(ExtensibilityGlobals) = postSolution
		SolutionGuid = {D9EF0BCE-A6FE-4744-A0AD-74CBB19DF4F8}
	EndGlobalSection
EndGlobal
